
Microsoft Visual Studio Solution File, Format Version 12.00
# Visual Studio Version 16
VisualStudioVersion = 16.0.31005.135
MinimumVisualStudioVersion = 10.0.40219.1
Project("{FAE04EC0-301F-11D3-BF4B-00C04F79EFBC}") = "AttackCompilerForm", "AttackCompilerForm\AttackCompilerForm.csproj", "{2A02CF24-373C-4F68-96AC-D1E1CAACEEB4}"
EndProject
Global
	GlobalSection(SolutionConfigurationPlatforms) = preSolution
		Debug|Any CPU = Debug|Any CPU
		Release|Any CPU = Release|Any CPU
	EndGlobalSection
	GlobalSection(ProjectConfigurationPlatforms) = postSolution
		{2A02CF24-373C-4F68-96AC-D1E1CAACEEB4}.Debug|Any CPU.ActiveCfg = Debug|Any CPU
		{2A02CF24-373C-4F68-96AC-D1E1CAACEEB4}.Debug|Any CPU.Build.0 = Debug|Any CPU
		{2A02CF24-373C-4F68-96AC-D1E1CAACEEB4}.Release|Any CPU.ActiveCfg = Release|Any CPU
		{2A02CF24-373C-4F68-96AC-D1E1CAACEEB4}.Release|Any CPU.Build.0 = Release|Any CPU
	EndGlobalSection
	GlobalSection(SolutionProperties) = preSolution
		HideSolutionNode = FALSE
	EndGlobalSection
	GlobalSection(ExtensibilityGlobals) = postSolution
		SolutionGuid = {38672D22-9817-49B8-93C1-B33F9A5E4F44}
	EndGlobalSection
EndGlobal
